
Microsoft Visual Studio Solution File, Format Version 12.00
# Visual Studio 2012
Project("{FAE04EC0-301F-11D3-BF4B-00C04F79EFBC}") = "EnrollmentTester", "EnrollmentTester\EnrollmentTester.csproj", "{4A89EC1A-32BD-4893-BE1A-AC16A318B20C}"
EndProject
Project("{2150E333-8FDC-42A3-9474-1A3956D46DE8}") = ".nuget", ".nuget", "{A4ABAC11-2096-470B-ADD9-97E7ED84DCDD}"
	ProjectSection(SolutionItems) = preProject
		.nuget\packages.config = .nuget\packages.config
	EndProjectSection
EndProject
Global
	GlobalSection(SolutionConfigurationPlatforms) = preSolution
		Debug|Any CPU = Debug|Any CPU
		Release|Any CPU = Release|Any CPU
	EndGlobalSection
	GlobalSection(ProjectConfigurationPlatforms) = postSolution
		{4A89EC1A-32BD-4893-BE1A-AC16A318B20C}.Debug|Any CPU.ActiveCfg = Debug|Any CPU
		{4A89EC1A-32BD-4893-BE1A-AC16A318B20C}.Debug|Any CPU.Build.0 = Debug|Any CPU
		{4A89EC1A-32BD-4893-BE1A-AC16A318B20C}.Release|Any CPU.ActiveCfg = Release|Any CPU
		{4A89EC1A-32BD-4893-BE1A-AC16A318B20C}.Release|Any CPU.Build.0 = Release|Any CPU
	EndGlobalSection
	GlobalSection(SolutionProperties) = preSolution
		HideSolutionNode = FALSE
	EndGlobalSection
EndGlobal
